
Microsoft Visual Studio Solution File, Format Version 12.00
# Visual Studio Version 16
VisualStudioVersion = 16.0.810.11
MinimumVisualStudioVersion = 10.0.40219.1
Project("{FAE04EC0-301F-11D3-BF4B-00C04F79EFBC}") = "TaskManagement", "TaskManagement\TaskManagement.csproj", "{F1EDBCA5-2BB3-4238-8970-A4FCE4372791}"
EndProject
Project("{E53339B2-1760-4266-BCC7-CA923CBCF16C}") = "docker-compose", "docker-compose.dcproj", "{0665DE86-2D09-4634-B937-B8E71B2A49E7}"
EndProject
Global
	GlobalSection(SolutionConfigurationPlatforms) = preSolution
		Debug|Any CPU = Debug|Any CPU
		Release|Any CPU = Release|Any CPU
	EndGlobalSection
	GlobalSection(ProjectConfigurationPlatforms) = postSolution
		{F1EDBCA5-2BB3-4238-8970-A4FCE4372791}.Debug|Any CPU.ActiveCfg = Debug|Any CPU
		{F1EDBCA5-2BB3-4238-8970-A4FCE4372791}.Debug|Any CPU.Build.0 = Debug|Any CPU
		{F1EDBCA5-2BB3-4238-8970-A4FCE4372791}.Release|Any CPU.ActiveCfg = Release|Any CPU
		{F1EDBCA5-2BB3-4238-8970-A4FCE4372791}.Release|Any CPU.Build.0 = Release|Any CPU
		{0665DE86-2D09-4634-B937-B8E71B2A49E7}.Debug|Any CPU.ActiveCfg = Debug|Any CPU
		{0665DE86-2D09-4634-B937-B8E71B2A49E7}.Debug|Any CPU.Build.0 = Debug|Any CPU
		{0665DE86-2D09-4634-B937-B8E71B2A49E7}.Release|Any CPU.ActiveCfg = Release|Any CPU
		{0665DE86-2D09-4634-B937-B8E71B2A49E7}.Release|Any CPU.Build.0 = Release|Any CPU
	EndGlobalSection
	GlobalSection(SolutionProperties) = preSolution
		HideSolutionNode = FALSE
	EndGlobalSection
	GlobalSection(ExtensibilityGlobals) = postSolution
		SolutionGuid = {1B6ABECA-F4AF-43CD-96A7-00F33FA0435E}
	EndGlobalSection
EndGlobal
